
Microsoft Visual Studio Solution File, Format Version 12.00
# Visual Studio 14
VisualStudioVersion = 14.0.25420.1
MinimumVisualStudioVersion = 10.0.40219.1
Project("{FAE04EC0-301F-11D3-BF4B-00C04F79EFBC}") = "RaspberryMedbot", "RaspberryMedbot\RaspberryMedbot.csproj", "{E3BB6360-AF2A-4889-A9A9-DD447BC255C0}"
EndProject
Global
	GlobalSection(SolutionConfigurationPlatforms) = preSolution
		Debug|Any CPU = Debug|Any CPU
		Release|Any CPU = Release|Any CPU
	EndGlobalSection
	GlobalSection(ProjectConfigurationPlatforms) = postSolution
		{E3BB6360-AF2A-4889-A9A9-DD447BC255C0}.Debug|Any CPU.ActiveCfg = Debug|Any CPU
		{E3BB6360-AF2A-4889-A9A9-DD447BC255C0}.Debug|Any CPU.Build.0 = Debug|Any CPU
		{E3BB6360-AF2A-4889-A9A9-DD447BC255C0}.Release|Any CPU.ActiveCfg = Release|Any CPU
		{E3BB6360-AF2A-4889-A9A9-DD447BC255C0}.Release|Any CPU.Build.0 = Release|Any CPU
	EndGlobalSection
	GlobalSection(SolutionProperties) = preSolution
		HideSolutionNode = FALSE
	EndGlobalSection
EndGlobal
